
Microsoft Visual Studio Solution File, Format Version 12.00
# Visual Studio 14
VisualStudioVersion = 14.0.24720.0
MinimumVisualStudioVersion = 10.0.40219.1
Project("{FAE04EC0-301F-11D3-BF4B-00C04F79EFBC}") = "Shopping", "Shopping\Shopping.csproj", "{9137001D-02F9-44C9-97D0-C7386D3AAAAE}"
EndProject
Global
	GlobalSection(SolutionConfigurationPlatforms) = preSolution
		Debug|Any CPU = Debug|Any CPU
		Release|Any CPU = Release|Any CPU
	EndGlobalSection
	GlobalSection(ProjectConfigurationPlatforms) = postSolution
		{9137001D-02F9-44C9-97D0-C7386D3AAAAE}.Debug|Any CPU.ActiveCfg = Debug|Any CPU
		{9137001D-02F9-44C9-97D0-C7386D3AAAAE}.Debug|Any CPU.Build.0 = Debug|Any CPU
		{9137001D-02F9-44C9-97D0-C7386D3AAAAE}.Release|Any CPU.ActiveCfg = Release|Any CPU
		{9137001D-02F9-44C9-97D0-C7386D3AAAAE}.Release|Any CPU.Build.0 = Release|Any CPU
	EndGlobalSection
	GlobalSection(SolutionProperties) = preSolution
		HideSolutionNode = FALSE
	EndGlobalSection
EndGlobal
